
Microsoft Visual Studio Solution File, Format Version 12.00
# Visual Studio Version 17
VisualStudioVersion = 17.12.35707.178
MinimumVisualStudioVersion = 10.0.40219.1
Project("{FAE04EC0-301F-11D3-BF4B-00C04F79EFBC}") = "App", "App.csproj", "{DBA79310-7E7C-4A51-8C75-B84DD77E5307}"
EndProject
Project("{FAE04EC0-301F-11D3-BF4B-00C04F79EFBC}") = "Test", "..\test\Test.csproj", "{592C9B33-4CAE-4F73-A3D6-9EACDCC568C8}"
EndProject
Global
	GlobalSection(SolutionConfigurationPlatforms) = preSolution
		Debug|Any CPU = Debug|Any CPU
		Release|Any CPU = Release|Any CPU
	EndGlobalSection
	GlobalSection(ProjectConfigurationPlatforms) = postSolution
		{DBA79310-7E7C-4A51-8C75-B84DD77E5307}.Debug|Any CPU.ActiveCfg = Debug|Any CPU
		{DBA79310-7E7C-4A51-8C75-B84DD77E5307}.Debug|Any CPU.Build.0 = Debug|Any CPU
		{DBA79310-7E7C-4A51-8C75-B84DD77E5307}.Release|Any CPU.ActiveCfg = Release|Any CPU
		{DBA79310-7E7C-4A51-8C75-B84DD77E5307}.Release|Any CPU.Build.0 = Release|Any CPU
		{592C9B33-4CAE-4F73-A3D6-9EACDCC568C8}.Debug|Any CPU.ActiveCfg = Debug|Any CPU
		{592C9B33-4CAE-4F73-A3D6-9EACDCC568C8}.Debug|Any CPU.Build.0 = Debug|Any CPU
		{592C9B33-4CAE-4F73-A3D6-9EACDCC568C8}.Release|Any CPU.ActiveCfg = Release|Any CPU
		{592C9B33-4CAE-4F73-A3D6-9EACDCC568C8}.Release|Any CPU.Build.0 = Release|Any CPU
	EndGlobalSection
	GlobalSection(SolutionProperties) = preSolution
		HideSolutionNode = FALSE
	EndGlobalSection
EndGlobal
